// !$*UTF8*$!
{
	archiveVersion = 1;
	classes = {
	};
	objectVersion = 56;
	objects = {

/* Begin PBXBuildFile section */
		A08F441E2B205E3600953D98 /* face.jpg in Resources */ = {isa = PBXBuildFile; fileRef = A08F441D2B205E3600953D98 /* face.jpg */; };
		A08F44242B21627C00953D98 /* comics.png in Resources */ = {isa = PBXBuildFile; fileRef = A08F44232B21627B00953D98 /* comics.png */; };
		A08F44282B2167DE00953D98 /* VNRecognizeTextRequestController.swift in Sources */ = {isa = PBXBuildFile; fileRef = A08F44272B2167DE00953D98 /* VNRecognizeTextRequestController.swift */; };
		A08F442A2B216B1E00953D98 /* VNClassifyImageRequestController.swift in Sources */ = {isa = PBXBuildFile; fileRef = A08F44292B216B1E00953D98 /* VNClassifyImageRequestController.swift */; };
		A08F442C2B216B9700953D98 /* VNDetectFaceRectanglesRequestController.swift in Sources */ = {isa = PBXBuildFile; fileRef = A08F442B2B216B9700953D98 /* VNDetectFaceRectanglesRequestController.swift */; };
		A08F442E2B216C4400953D98 /* VNDetectFaceLandmarksRequestController.swift in Sources */ = {isa = PBXBuildFile; fileRef = A08F442D2B216C4400953D98 /* VNDetectFaceLandmarksRequestController.swift */; };
		A08F44302B216CD500953D98 /* VNDetectContoursRequestController.swift in Sources */ = {isa = PBXBuildFile; fileRef = A08F442F2B216CD500953D98 /* VNDetectContoursRequestController.swift */; };
		A08F44342B21B2C700953D98 /* PDFKitViewController.swift in Sources */ = {isa = PBXBuildFile; fileRef = A08F44332B21B2C700953D98 /* PDFKitViewController.swift */; };
		A08F44362B21B34500953D98 /* pyPDFeditor.pdf in Resources */ = {isa = PBXBuildFile; fileRef = A08F44352B21B34500953D98 /* pyPDFeditor.pdf */; };
		A08F44382B21BCF700953D98 /* 2023_PDF.pdf in Resources */ = {isa = PBXBuildFile; fileRef = A08F44372B21BCF700953D98 /* 2023_PDF.pdf */; };
		A08F443B2B21C10F00953D98 /* OfficeFileReader in Frameworks */ = {isa = PBXBuildFile; productRef = A08F443A2B21C10F00953D98 /* OfficeFileReader */; };
		A08F443D2B21C13600953D98 /* OfficeViewController.swift in Sources */ = {isa = PBXBuildFile; fileRef = A08F443C2B21C13600953D98 /* OfficeViewController.swift */; };
		A08F443F2B21C1D100953D98 /* 本文档由中文文档库提供.doc in Resources */ = {isa = PBXBuildFile; fileRef = A08F443E2B21C1D100953D98 /* 本文档由中文文档库提供.doc */; };
		A0F6F1B92B1F0A4900369D76 /* AppDelegate.swift in Sources */ = {isa = PBXBuildFile; fileRef = A0F6F1B82B1F0A4900369D76 /* AppDelegate.swift */; };
		A0F6F1BB2B1F0A4900369D76 /* SceneDelegate.swift in Sources */ = {isa = PBXBuildFile; fileRef = A0F6F1BA2B1F0A4900369D76 /* SceneDelegate.swift */; };
		A0F6F1C02B1F0A4900369D76 /* Main.storyboard in Resources */ = {isa = PBXBuildFile; fileRef = A0F6F1BE2B1F0A4900369D76 /* Main.storyboard */; };
		A0F6F1C22B1F0A4A00369D76 /* Assets.xcassets in Resources */ = {isa = PBXBuildFile; fileRef = A0F6F1C12B1F0A4A00369D76 /* Assets.xcassets */; };
		A0F6F1C52B1F0A4A00369D76 /* LaunchScreen.storyboard in Resources */ = {isa = PBXBuildFile; fileRef = A0F6F1C32B1F0A4A00369D76 /* LaunchScreen.storyboard */; };
		A0F6F1D92B1F0E8300369D76 /* 13.png in Resources */ = {isa = PBXBuildFile; fileRef = A0F6F1CC2B1F0E8300369D76 /* 13.png */; };
		A0F6F1DA2B1F0E8300369D76 /* 12.png in Resources */ = {isa = PBXBuildFile; fileRef = A0F6F1CD2B1F0E8300369D76 /* 12.png */; };
		A0F6F1DB2B1F0E8300369D76 /* 2.png in Resources */ = {isa = PBXBuildFile; fileRef = A0F6F1CE2B1F0E8300369D76 /* 2.png */; };
		A0F6F1DC2B1F0E8300369D76 /* 3.png in Resources */ = {isa = PBXBuildFile; fileRef = A0F6F1CF2B1F0E8300369D76 /* 3.png */; };
		A0F6F1DD2B1F0E8300369D76 /* 7.png in Resources */ = {isa = PBXBuildFile; fileRef = A0F6F1D02B1F0E8300369D76 /* 7.png */; };
		A0F6F1DE2B1F0E8300369D76 /* 9.png in Resources */ = {isa = PBXBuildFile; fileRef = A0F6F1D12B1F0E8300369D76 /* 9.png */; };
		A0F6F1DF2B1F0E8300369D76 /* 11.png in Resources */ = {isa = PBXBuildFile; fileRef = A0F6F1D22B1F0E8300369D76 /* 11.png */; };
		A0F6F1E02B1F0E8300369D76 /* 4.png in Resources */ = {isa = PBXBuildFile; fileRef = A0F6F1D32B1F0E8300369D76 /* 4.png */; };
		A0F6F1E12B1F0E8300369D76 /* 10.png in Resources */ = {isa = PBXBuildFile; fileRef = A0F6F1D42B1F0E8300369D76 /* 10.png */; };
		A0F6F1E22B1F0E8300369D76 /* 1.png in Resources */ = {isa = PBXBuildFile; fileRef = A0F6F1D52B1F0E8300369D76 /* 1.png */; };
		A0F6F1E32B1F0E8300369D76 /* 8.png in Resources */ = {isa = PBXBuildFile; fileRef = A0F6F1D62B1F0E8300369D76 /* 8.png */; };
		A0F6F1E42B1F0E8300369D76 /* 5.png in Resources */ = {isa = PBXBuildFile; fileRef = A0F6F1D72B1F0E8300369D76 /* 5.png */; };
		A0F6F1E52B1F0E8300369D76 /* 6.png in Resources */ = {isa = PBXBuildFile; fileRef = A0F6F1D82B1F0E8300369D76 /* 6.png */; };
		A0F6F2012B1F24E400369D76 /* cat.png in Resources */ = {isa = PBXBuildFile; fileRef = A0F6F2002B1F24E400369D76 /* cat.png */; };
		A0F6F20B2B2040F000369D76 /* TranslationService.swift in Sources */ = {isa = PBXBuildFile; fileRef = A0F6F20A2B2040F000369D76 /* TranslationService.swift */; };
/* End PBXBuildFile section */

/* Begin PBXFileReference section */
		A08F441D2B205E3600953D98 /* face.jpg */ = {isa = PBXFileReference; lastKnownFileType = image.jpeg; path = face.jpg; sourceTree = "<group>"; };
		A08F44232B21627B00953D98 /* comics.png */ = {isa = PBXFileReference; lastKnownFileType = image.png; path = comics.png; sourceTree = "<group>"; };
		A08F44272B2167DE00953D98 /* VNRecognizeTextRequestController.swift */ = {isa = PBXFileReference; lastKnownFileType = sourcecode.swift; path = VNRecognizeTextRequestController.swift; sourceTree = "<group>"; };
		A08F44292B216B1E00953D98 /* VNClassifyImageRequestController.swift */ = {isa = PBXFileReference; lastKnownFileType = sourcecode.swift; path = VNClassifyImageRequestController.swift; sourceTree = "<group>"; };
		A08F442B2B216B9700953D98 /* VNDetectFaceRectanglesRequestController.swift */ = {isa = PBXFileReference; lastKnownFileType = sourcecode.swift; path = VNDetectFaceRectanglesRequestController.swift; sourceTree = "<group>"; };
		A08F442D2B216C4400953D98 /* VNDetectFaceLandmarksRequestController.swift */ = {isa = PBXFileReference; lastKnownFileType = sourcecode.swift; path = VNDetectFaceLandmarksRequestController.swift; sourceTree = "<group>"; };
		A08F442F2B216CD500953D98 /* VNDetectContoursRequestController.swift */ = {isa = PBXFileReference; lastKnownFileType = sourcecode.swift; path = VNDetectContoursRequestController.swift; sourceTree = "<group>"; };
		A08F44332B21B2C700953D98 /* PDFKitViewController.swift */ = {isa = PBXFileReference; lastKnownFileType = sourcecode.swift; path = PDFKitViewController.swift; sourceTree = "<group>"; };
		A08F44352B21B34500953D98 /* pyPDFeditor.pdf */ = {isa = PBXFileReference; lastKnownFileType = image.pdf; path = pyPDFeditor.pdf; sourceTree = "<group>"; };
		A08F44372B21BCF700953D98 /* 2023_PDF.pdf */ = {isa = PBXFileReference; lastKnownFileType = image.pdf; path = 2023_PDF.pdf; sourceTree = "<group>"; };
		A08F443C2B21C13600953D98 /* OfficeViewController.swift */ = {isa = PBXFileReference; lastKnownFileType = sourcecode.swift; path = OfficeViewController.swift; sourceTree = "<group>"; };
		A08F443E2B21C1D100953D98 /* 本文档由中文文档库提供.doc */ = {isa = PBXFileReference; lastKnownFileType = file; path = "本文档由中文文档库提供.doc"; sourceTree = "<group>"; };
		A0F6F1B52B1F0A4900369D76 /* VisionDemo.app */ = {isa = PBXFileReference; explicitFileType = wrapper.application; includeInIndex = 0; path = VisionDemo.app; sourceTree = BUILT_PRODUCTS_DIR; };
		A0F6F1B82B1F0A4900369D76 /* AppDelegate.swift */ = {isa = PBXFileReference; lastKnownFileType = sourcecode.swift; path = AppDelegate.swift; sourceTree = "<group>"; };
		A0F6F1BA2B1F0A4900369D76 /* SceneDelegate.swift */ = {isa = PBXFileReference; lastKnownFileType = sourcecode.swift; path = SceneDelegate.swift; sourceTree = "<group>"; };
		A0F6F1BF2B1F0A4900369D76 /* Base */ = {isa = PBXFileReference; lastKnownFileType = file.storyboard; name = Base; path = Base.lproj/Main.storyboard; sourceTree = "<group>"; };
		A0F6F1C12B1F0A4A00369D76 /* Assets.xcassets */ = {isa = PBXFileReference; lastKnownFileType = folder.assetcatalog; path = Assets.xcassets; sourceTree = "<group>"; };
		A0F6F1C42B1F0A4A00369D76 /* Base */ = {isa = PBXFileReference; lastKnownFileType = file.storyboard; name = Base; path = Base.lproj/LaunchScreen.storyboard; sourceTree = "<group>"; };
		A0F6F1C62B1F0A4A00369D76 /* Info.plist */ = {isa = PBXFileReference; lastKnownFileType = text.plist.xml; path = Info.plist; sourceTree = "<group>"; };
		A0F6F1CC2B1F0E8300369D76 /* 13.png */ = {isa = PBXFileReference; lastKnownFileType = image.png; path = 13.png; sourceTree = "<group>"; };
		A0F6F1CD2B1F0E8300369D76 /* 12.png */ = {isa = PBXFileReference; lastKnownFileType = image.png; path = 12.png; sourceTree = "<group>"; };
		A0F6F1CE2B1F0E8300369D76 /* 2.png */ = {isa = PBXFileReference; lastKnownFileType = image.png; path = 2.png; sourceTree = "<group>"; };
		A0F6F1CF2B1F0E8300369D76 /* 3.png */ = {isa = PBXFileReference; lastKnownFileType = image.png; path = 3.png; sourceTree = "<group>"; };
		A0F6F1D02B1F0E8300369D76 /* 7.png */ = {isa = PBXFileReference; lastKnownFileType = image.png; path = 7.png; sourceTree = "<group>"; };
		A0F6F1D12B1F0E8300369D76 /* 9.png */ = {isa = PBXFileReference; lastKnownFileType = image.png; path = 9.png; sourceTree = "<group>"; };
		A0F6F1D22B1F0E8300369D76 /* 11.png */ = {isa = PBXFileReference; lastKnownFileType = image.png; path = 11.png; sourceTree = "<group>"; };
		A0F6F1D32B1F0E8300369D76 /* 4.png */ = {isa = PBXFileReference; lastKnownFileType = image.png; path = 4.png; sourceTree = "<group>"; };
		A0F6F1D42B1F0E8300369D76 /* 10.png */ = {isa = PBXFileReference; lastKnownFileType = image.png; path = 10.png; sourceTree = "<group>"; };
		A0F6F1D52B1F0E8300369D76 /* 1.png */ = {isa = PBXFileReference; lastKnownFileType = image.png; path = 1.png; sourceTree = "<group>"; };
		A0F6F1D62B1F0E8300369D76 /* 8.png */ = {isa = PBXFileReference; lastKnownFileType = image.png; path = 8.png; sourceTree = "<group>"; };
		A0F6F1D72B1F0E8300369D76 /* 5.png */ = {isa = PBXFileReference; lastKnownFileType = image.png; path = 5.png; sourceTree = "<group>"; };
		A0F6F1D82B1F0E8300369D76 /* 6.png */ = {isa = PBXFileReference; lastKnownFileType = image.png; path = 6.png; sourceTree = "<group>"; };
		A0F6F2002B1F24E400369D76 /* cat.png */ = {isa = PBXFileReference; lastKnownFileType = image.png; path = cat.png; sourceTree = "<group>"; };
		A0F6F20A2B2040F000369D76 /* TranslationService.swift */ = {isa = PBXFileReference; lastKnownFileType = sourcecode.swift; path = TranslationService.swift; sourceTree = "<group>"; };
/* End PBXFileReference section */

/* Begin PBXFrameworksBuildPhase section */
		A0F6F1B22B1F0A4900369D76 /* Frameworks */ = {
			isa = PBXFrameworksBuildPhase;
			buildActionMask = 2147483647;
			files = (
				A08F443B2B21C10F00953D98 /* OfficeFileReader in Frameworks */,
			);
			runOnlyForDeploymentPostprocessing = 0;
		};
/* End PBXFrameworksBuildPhase section */

/* Begin PBXGroup section */
		A08F44252B21679C00953D98 /* Resources */ = {
			isa = PBXGroup;
			children = (
				A08F443E2B21C1D100953D98 /* 本文档由中文文档库提供.doc */,
				A08F44372B21BCF700953D98 /* 2023_PDF.pdf */,
				A08F44352B21B34500953D98 /* pyPDFeditor.pdf */,
				A08F44232B21627B00953D98 /* comics.png */,
				A08F441D2B205E3600953D98 /* face.jpg */,
				A0F6F2002B1F24E400369D76 /* cat.png */,
				A0F6F1D52B1F0E8300369D76 /* 1.png */,
				A0F6F1CE2B1F0E8300369D76 /* 2.png */,
				A0F6F1CF2B1F0E8300369D76 /* 3.png */,
				A0F6F1D32B1F0E8300369D76 /* 4.png */,
				A0F6F1D72B1F0E8300369D76 /* 5.png */,
				A0F6F1D82B1F0E8300369D76 /* 6.png */,
				A0F6F1D02B1F0E8300369D76 /* 7.png */,
				A0F6F1D62B1F0E8300369D76 /* 8.png */,
				A0F6F1D12B1F0E8300369D76 /* 9.png */,
				A0F6F1D42B1F0E8300369D76 /* 10.png */,
				A0F6F1D22B1F0E8300369D76 /* 11.png */,
				A0F6F1CD2B1F0E8300369D76 /* 12.png */,
				A0F6F1CC2B1F0E8300369D76 /* 13.png */,
			);
			path = Resources;
			sourceTree = "<group>";
		};
		A08F44262B2167AF00953D98 /* Controllers */ = {
			isa = PBXGroup;
			children = (
				A08F44272B2167DE00953D98 /* VNRecognizeTextRequestController.swift */,
				A08F44292B216B1E00953D98 /* VNClassifyImageRequestController.swift */,
				A08F442B2B216B9700953D98 /* VNDetectFaceRectanglesRequestController.swift */,
				A08F442D2B216C4400953D98 /* VNDetectFaceLandmarksRequestController.swift */,
				A08F442F2B216CD500953D98 /* VNDetectContoursRequestController.swift */,
				A08F44332B21B2C700953D98 /* PDFKitViewController.swift */,
				A08F443C2B21C13600953D98 /* OfficeViewController.swift */,
			);
			path = Controllers;
			sourceTree = "<group>";
		};
		A0F6F1AC2B1F0A4900369D76 = {
			isa = PBXGroup;
			children = (
				A0F6F1B72B1F0A4900369D76 /* VisionDemo */,
				A0F6F1B62B1F0A4900369D76 /* Products */,
				A0F6F2022B20103E00369D76 /* Frameworks */,
			);
			sourceTree = "<group>";
		};
		A0F6F1B62B1F0A4900369D76 /* Products */ = {
			isa = PBXGroup;
			children = (
				A0F6F1B52B1F0A4900369D76 /* VisionDemo.app */,
			);
			name = Products;
			sourceTree = "<group>";
		};
		A0F6F1B72B1F0A4900369D76 /* VisionDemo */ = {
			isa = PBXGroup;
			children = (
				A08F44262B2167AF00953D98 /* Controllers */,
				A08F44252B21679C00953D98 /* Resources */,
				A0F6F1B82B1F0A4900369D76 /* AppDelegate.swift */,
				A0F6F1BA2B1F0A4900369D76 /* SceneDelegate.swift */,
				A0F6F1BE2B1F0A4900369D76 /* Main.storyboard */,
				A0F6F1C12B1F0A4A00369D76 /* Assets.xcassets */,
				A0F6F1C32B1F0A4A00369D76 /* LaunchScreen.storyboard */,
				A0F6F1C62B1F0A4A00369D76 /* Info.plist */,
				A0F6F20A2B2040F000369D76 /* TranslationService.swift */,
			);
			path = VisionDemo;
			sourceTree = "<group>";
		};
		A0F6F2022B20103E00369D76 /* Frameworks */ = {
			isa = PBXGroup;
			children = (
			);
			name = Frameworks;
			sourceTree = "<group>";
		};
/* End PBXGroup section */

/* Begin PBXNativeTarget section */
		A0F6F1B42B1F0A4900369D76 /* VisionDemo */ = {
			isa = PBXNativeTarget;
			buildConfigurationList = A0F6F1C92B1F0A4A00369D76 /* Build configuration list for PBXNativeTarget "VisionDemo" */;
			buildPhases = (
				A0F6F1B12B1F0A4900369D76 /* Sources */,
				A0F6F1B22B1F0A4900369D76 /* Frameworks */,
				A0F6F1B32B1F0A4900369D76 /* Resources */,
			);
			buildRules = (
			);
			dependencies = (
			);
			name = VisionDemo;
			packageProductDependencies = (
				A08F443A2B21C10F00953D98 /* OfficeFileReader */,
			);
			productName = VisionDemo;
			productReference = A0F6F1B52B1F0A4900369D76 /* VisionDemo.app */;
			productType = "com.apple.product-type.application";
		};
/* End PBXNativeTarget section */

/* Begin PBXProject section */
		A0F6F1AD2B1F0A4900369D76 /* Project object */ = {
			isa = PBXProject;
			attributes = {
				BuildIndependentTargetsInParallel = 1;
				LastSwiftUpdateCheck = 1500;
				LastUpgradeCheck = 1500;
				TargetAttributes = {
					A0F6F1B42B1F0A4900369D76 = {
						CreatedOnToolsVersion = 15.0.1;
					};
				};
			};
			buildConfigurationList = A0F6F1B02B1F0A4900369D76 /* Build configuration list for PBXProject "VisionDemo" */;
			compatibilityVersion = "Xcode 14.0";
			developmentRegion = en;
			hasScannedForEncodings = 0;
			knownRegions = (
				en,
				Base,
			);
			mainGroup = A0F6F1AC2B1F0A4900369D76;
			packageReferences = (
				A08F44392B21C10F00953D98 /* XCRemoteSwiftPackageReference "OfficeFileReader" */,
			);
			productRefGroup = A0F6F1B62B1F0A4900369D76 /* Products */;
			projectDirPath = "";
			projectRoot = "";
			targets = (
				A0F6F1B42B1F0A4900369D76 /* VisionDemo */,
			);
		};
/* End PBXProject section */

/* Begin PBXResourcesBuildPhase section */
		A0F6F1B32B1F0A4900369D76 /* Resources */ = {
			isa = PBXResourcesBuildPhase;
			buildActionMask = 2147483647;
			files = (
				A08F443F2B21C1D100953D98 /* 本文档由中文文档库提供.doc in Resources */,
				A0F6F2012B1F24E400369D76 /* cat.png in Resources */,
				A0F6F1E02B1F0E8300369D76 /* 4.png in Resources */,
				A0F6F1DB2B1F0E8300369D76 /* 2.png in Resources */,
				A0F6F1E12B1F0E8300369D76 /* 10.png in Resources */,
				A0F6F1DA2B1F0E8300369D76 /* 12.png in Resources */,
				A08F44382B21BCF700953D98 /* 2023_PDF.pdf in Resources */,
				A08F44362B21B34500953D98 /* pyPDFeditor.pdf in Resources */,
				A0F6F1C52B1F0A4A00369D76 /* LaunchScreen.storyboard in Resources */,
				A0F6F1E22B1F0E8300369D76 /* 1.png in Resources */,
				A08F441E2B205E3600953D98 /* face.jpg in Resources */,
				A08F44242B21627C00953D98 /* comics.png in Resources */,
				A0F6F1E42B1F0E8300369D76 /* 5.png in Resources */,
				A0F6F1E32B1F0E8300369D76 /* 8.png in Resources */,
				A0F6F1DE2B1F0E8300369D76 /* 9.png in Resources */,
				A0F6F1D92B1F0E8300369D76 /* 13.png in Resources */,
				A0F6F1DF2B1F0E8300369D76 /* 11.png in Resources */,
				A0F6F1C22B1F0A4A00369D76 /* Assets.xcassets in Resources */,
				A0F6F1DC2B1F0E8300369D76 /* 3.png in Resources */,
				A0F6F1C02B1F0A4900369D76 /* Main.storyboard in Resources */,
				A0F6F1E52B1F0E8300369D76 /* 6.png in Resources */,
				A0F6F1DD2B1F0E8300369D76 /* 7.png in Resources */,
			);
			runOnlyForDeploymentPostprocessing = 0;
		};
/* End PBXResourcesBuildPhase section */

/* Begin PBXSourcesBuildPhase section */
		A0F6F1B12B1F0A4900369D76 /* Sources */ = {
			isa = PBXSourcesBuildPhase;
			buildActionMask = 2147483647;
			files = (
				A08F443D2B21C13600953D98 /* OfficeViewController.swift in Sources */,
				A08F442E2B216C4400953D98 /* VNDetectFaceLandmarksRequestController.swift in Sources */,
				A08F442A2B216B1E00953D98 /* VNClassifyImageRequestController.swift in Sources */,
				A08F44342B21B2C700953D98 /* PDFKitViewController.swift in Sources */,
				A08F442C2B216B9700953D98 /* VNDetectFaceRectanglesRequestController.swift in Sources */,
				A08F44302B216CD500953D98 /* VNDetectContoursRequestController.swift in Sources */,
				A0F6F1B92B1F0A4900369D76 /* AppDelegate.swift in Sources */,
				A0F6F1BB2B1F0A4900369D76 /* SceneDelegate.swift in Sources */,
				A0F6F20B2B2040F000369D76 /* TranslationService.swift in Sources */,
				A08F44282B2167DE00953D98 /* VNRecognizeTextRequestController.swift in Sources */,
			);
			runOnlyForDeploymentPostprocessing = 0;
		};
/* End PBXSourcesBuildPhase section */

/* Begin PBXVariantGroup section */
		A0F6F1BE2B1F0A4900369D76 /* Main.storyboard */ = {
			isa = PBXVariantGroup;
			children = (
				A0F6F1BF2B1F0A4900369D76 /* Base */,
			);
			name = Main.storyboard;
			sourceTree = "<group>";
		};
		A0F6F1C32B1F0A4A00369D76 /* LaunchScreen.storyboard */ = {
			isa = PBXVariantGroup;
			children = (
				A0F6F1C42B1F0A4A00369D76 /* Base */,
			);
			name = LaunchScreen.storyboard;
			sourceTree = "<group>";
		};
/* End PBXVariantGroup section */

/* Begin XCBuildConfiguration section */
		A0F6F1C72B1F0A4A00369D76 /* Debug */ = {
			isa = XCBuildConfiguration;
			buildSettings = {
				ALWAYS_SEARCH_USER_PATHS = NO;
				ASSETCATALOG_COMPILER_GENERATE_SWIFT_ASSET_SYMBOL_EXTENSIONS = YES;
				CLANG_ANALYZER_NONNULL = YES;
				CLANG_ANALYZER_NUMBER_OBJECT_CONVERSION = YES_AGGRESSIVE;
				CLANG_CXX_LANGUAGE_STANDARD = "gnu++20";
				CLANG_ENABLE_MODULES = YES;
				CLANG_ENABLE_OBJC_ARC = YES;
				CLANG_ENABLE_OBJC_WEAK = YES;
				CLANG_WARN_BLOCK_CAPTURE_AUTORELEASING = YES;
				CLANG_WARN_BOOL_CONVERSION = YES;
				CLANG_WARN_COMMA = YES;
				CLANG_WARN_CONSTANT_CONVERSION = YES;
				CLANG_WARN_DEPRECATED_OBJC_IMPLEMENTATIONS = YES;
				CLANG_WARN_DIRECT_OBJC_ISA_USAGE = YES_ERROR;
				CLANG_WARN_DOCUMENTATION_COMMENTS = YES;
				CLANG_WARN_EMPTY_BODY = YES;
				CLANG_WARN_ENUM_CONVERSION = YES;
				CLANG_WARN_INFINITE_RECURSION = YES;
				CLANG_WARN_INT_CONVERSION = YES;
				CLANG_WARN_NON_LITERAL_NULL_CONVERSION = YES;
				CLANG_WARN_OBJC_IMPLICIT_RETAIN_SELF = YES;
				CLANG_WARN_OBJC_LITERAL_CONVERSION = YES;
				CLANG_WARN_OBJC_ROOT_CLASS = YES_ERROR;
				CLANG_WARN_QUOTED_INCLUDE_IN_FRAMEWORK_HEADER = YES;
				CLANG_WARN_RANGE_LOOP_ANALYSIS = YES;
				CLANG_WARN_STRICT_PROTOTYPES = YES;
				CLANG_WARN_SUSPICIOUS_MOVE = YES;
				CLANG_WARN_UNGUARDED_AVAILABILITY = YES_AGGRESSIVE;
				CLANG_WARN_UNREACHABLE_CODE = YES;
				CLANG_WARN__DUPLICATE_METHOD_MATCH = YES;
				COPY_PHASE_STRIP = NO;
				DEBUG_INFORMATION_FORMAT = dwarf;
				ENABLE_STRICT_OBJC_MSGSEND = YES;
				ENABLE_TESTABILITY = YES;
				ENABLE_USER_SCRIPT_SANDBOXING = YES;
				GCC_C_LANGUAGE_STANDARD = gnu17;
				GCC_DYNAMIC_NO_PIC = NO;
				GCC_NO_COMMON_BLOCKS = YES;
				GCC_OPTIMIZATION_LEVEL = 0;
				GCC_PREPROCESSOR_DEFINITIONS = (
					"DEBUG=1",
					"$(inherited)",
				);
				GCC_WARN_64_TO_32_BIT_CONVERSION = YES;
				GCC_WARN_ABOUT_RETURN_TYPE = YES_ERROR;
				GCC_WARN_UNDECLARED_SELECTOR = YES;
				GCC_WARN_UNINITIALIZED_AUTOS = YES_AGGRESSIVE;
				GCC_WARN_UNUSED_FUNCTION = YES;
				GCC_WARN_UNUSED_VARIABLE = YES;
				IPHONEOS_DEPLOYMENT_TARGET = 13.0;
				LOCALIZATION_PREFERS_STRING_CATALOGS = YES;
				MTL_ENABLE_DEBUG_INFO = INCLUDE_SOURCE;
				MTL_FAST_MATH = YES;
				ONLY_ACTIVE_ARCH = YES;
				SDKROOT = iphoneos;
				SWIFT_ACTIVE_COMPILATION_CONDITIONS = "DEBUG $(inherited)";
				SWIFT_OPTIMIZATION_LEVEL = "-Onone";
			};
			name = Debug;
		};
		A0F6F1C82B1F0A4A00369D76 /* Release */ = {
			isa = XCBuildConfiguration;
			buildSettings = {
				ALWAYS_SEARCH_USER_PATHS = NO;
				ASSETCATALOG_COMPILER_GENERATE_SWIFT_ASSET_SYMBOL_EXTENSIONS = YES;
				CLANG_ANALYZER_NONNULL = YES;
				CLANG_ANALYZER_NUMBER_OBJECT_CONVERSION = YES_AGGRESSIVE;
				CLANG_CXX_LANGUAGE_STANDARD = "gnu++20";
				CLANG_ENABLE_MODULES = YES;
				CLANG_ENABLE_OBJC_ARC = YES;
				CLANG_ENABLE_OBJC_WEAK = YES;
				CLANG_WARN_BLOCK_CAPTURE_AUTORELEASING = YES;
				CLANG_WARN_BOOL_CONVERSION = YES;
				CLANG_WARN_COMMA = YES;
				CLANG_WARN_CONSTANT_CONVERSION = YES;
				CLANG_WARN_DEPRECATED_OBJC_IMPLEMENTATIONS = YES;
				CLANG_WARN_DIRECT_OBJC_ISA_USAGE = YES_ERROR;
				CLANG_WARN_DOCUMENTATION_COMMENTS = YES;
				CLANG_WARN_EMPTY_BODY = YES;
				CLANG_WARN_ENUM_CONVERSION = YES;
				CLANG_WARN_INFINITE_RECURSION = YES;
				CLANG_WARN_INT_CONVERSION = YES;
				CLANG_WARN_NON_LITERAL_NULL_CONVERSION = YES;
				CLANG_WARN_OBJC_IMPLICIT_RETAIN_SELF = YES;
				CLANG_WARN_OBJC_LITERAL_CONVERSION = YES;
				CLANG_WARN_OBJC_ROOT_CLASS = YES_ERROR;
				CLANG_WARN_QUOTED_INCLUDE_IN_FRAMEWORK_HEADER = YES;
				CLANG_WARN_RANGE_LOOP_ANALYSIS = YES;
				CLANG_WARN_STRICT_PROTOTYPES = YES;
				CLANG_WARN_SUSPICIOUS_MOVE = YES;
				CLANG_WARN_UNGUARDED_AVAILABILITY = YES_AGGRESSIVE;
				CLANG_WARN_UNREACHABLE_CODE = YES;
				CLANG_WARN__DUPLICATE_METHOD_MATCH = YES;
				COPY_PHASE_STRIP = NO;
				DEBUG_INFORMATION_FORMAT = "dwarf-with-dsym";
				ENABLE_NS_ASSERTIONS = NO;
				ENABLE_STRICT_OBJC_MSGSEND = YES;
				ENABLE_USER_SCRIPT_SANDBOXING = YES;
				GCC_C_LANGUAGE_STANDARD = gnu17;
				GCC_NO_COMMON_BLOCKS = YES;
				GCC_WARN_64_TO_32_BIT_CONVERSION = YES;
				GCC_WARN_ABOUT_RETURN_TYPE = YES_ERROR;
				GCC_WARN_UNDECLARED_SELECTOR = YES;
				GCC_WARN_UNINITIALIZED_AUTOS = YES_AGGRESSIVE;
				GCC_WARN_UNUSED_FUNCTION = YES;
				GCC_WARN_UNUSED_VARIABLE = YES;
				IPHONEOS_DEPLOYMENT_TARGET = 13.0;
				LOCALIZATION_PREFERS_STRING_CATALOGS = YES;
				MTL_ENABLE_DEBUG_INFO = NO;
				MTL_FAST_MATH = YES;
				SDKROOT = iphoneos;
				SWIFT_COMPILATION_MODE = wholemodule;
				VALIDATE_PRODUCT = YES;
			};
			name = Release;
		};
		A0F6F1CA2B1F0A4A00369D76 /* Debug */ = {
			isa = XCBuildConfiguration;
			buildSettings = {
				ASSETCATALOG_COMPILER_APPICON_NAME = AppIcon;
				ASSETCATALOG_COMPILER_GLOBAL_ACCENT_COLOR_NAME = AccentColor;
				CODE_SIGN_STYLE = Automatic;
				CURRENT_PROJECT_VERSION = 1;
				DEVELOPMENT_TEAM = ZKKYQHSX4D;
				ENABLE_USER_SCRIPT_SANDBOXING = NO;
				GENERATE_INFOPLIST_FILE = YES;
				INFOPLIST_FILE = VisionDemo/Info.plist;
				INFOPLIST_KEY_UIApplicationSupportsIndirectInputEvents = YES;
				INFOPLIST_KEY_UILaunchStoryboardName = LaunchScreen;
				INFOPLIST_KEY_UIMainStoryboardFile = Main;
				INFOPLIST_KEY_UISupportedInterfaceOrientations_iPad = "UIInterfaceOrientationPortrait UIInterfaceOrientationPortraitUpsideDown UIInterfaceOrientationLandscapeLeft UIInterfaceOrientationLandscapeRight";
				INFOPLIST_KEY_UISupportedInterfaceOrientations_iPhone = "UIInterfaceOrientationPortrait UIInterfaceOrientationLandscapeLeft UIInterfaceOrientationLandscapeRight";
				IPHONEOS_DEPLOYMENT_TARGET = 13.0;
				LD_RUNPATH_SEARCH_PATHS = (
					"$(inherited)",
					"@executable_path/Frameworks",
				);
				MARKETING_VERSION = 1.0;
				OTHER_LDFLAGS = "";
				PRODUCT_BUNDLE_IDENTIFIER = com.dx.VisionDemo;
				PRODUCT_NAME = "$(TARGET_NAME)";
				SWIFT_EMIT_LOC_STRINGS = YES;
				SWIFT_VERSION = 5.0;
				TARGETED_DEVICE_FAMILY = "1,2";
			};
			name = Debug;
		};
		A0F6F1CB2B1F0A4A00369D76 /* Release */ = {
			isa = XCBuildConfiguration;
			buildSettings = {
				ASSETCATALOG_COMPILER_APPICON_NAME = AppIcon;
				ASSETCATALOG_COMPILER_GLOBAL_ACCENT_COLOR_NAME = AccentColor;
				CODE_SIGN_STYLE = Automatic;
				CURRENT_PROJECT_VERSION = 1;
				DEVELOPMENT_TEAM = ZKKYQHSX4D;
				ENABLE_USER_SCRIPT_SANDBOXING = NO;
				GENERATE_INFOPLIST_FILE = YES;
				INFOPLIST_FILE = VisionDemo/Info.plist;
				INFOPLIST_KEY_UIApplicationSupportsIndirectInputEvents = YES;
				INFOPLIST_KEY_UILaunchStoryboardName = LaunchScreen;
				INFOPLIST_KEY_UIMainStoryboardFile = Main;
				INFOPLIST_KEY_UISupportedInterfaceOrientations_iPad = "UIInterfaceOrientationPortrait UIInterfaceOrientationPortraitUpsideDown UIInterfaceOrientationLandscapeLeft UIInterfaceOrientationLandscapeRight";
				INFOPLIST_KEY_UISupportedInterfaceOrientations_iPhone = "UIInterfaceOrientationPortrait UIInterfaceOrientationLandscapeLeft UIInterfaceOrientationLandscapeRight";
				IPHONEOS_DEPLOYMENT_TARGET = 13.0;
				LD_RUNPATH_SEARCH_PATHS = (
					"$(inherited)",
					"@executable_path/Frameworks",
				);
				MARKETING_VERSION = 1.0;
				OTHER_LDFLAGS = "";
				PRODUCT_BUNDLE_IDENTIFIER = com.dx.VisionDemo;
				PRODUCT_NAME = "$(TARGET_NAME)";
				SWIFT_EMIT_LOC_STRINGS = YES;
				SWIFT_VERSION = 5.0;
				TARGETED_DEVICE_FAMILY = "1,2";
			};
			name = Release;
		};
/* End XCBuildConfiguration section */

/* Begin XCConfigurationList section */
		A0F6F1B02B1F0A4900369D76 /* Build configuration list for PBXProject "VisionDemo" */ = {
			isa = XCConfigurationList;
			buildConfigurations = (
				A0F6F1C72B1F0A4A00369D76 /* Debug */,
				A0F6F1C82B1F0A4A00369D76 /* Release */,
			);
			defaultConfigurationIsVisible = 0;
			defaultConfigurationName = Release;
		};
		A0F6F1C92B1F0A4A00369D76 /* Build configuration list for PBXNativeTarget "VisionDemo" */ = {
			isa = XCConfigurationList;
			buildConfigurations = (
				A0F6F1CA2B1F0A4A00369D76 /* Debug */,
				A0F6F1CB2B1F0A4A00369D76 /* Release */,
			);
			defaultConfigurationIsVisible = 0;
			defaultConfigurationName = Release;
		};
/* End XCConfigurationList section */

/* Begin XCRemoteSwiftPackageReference section */
		A08F44392B21C10F00953D98 /* XCRemoteSwiftPackageReference "OfficeFileReader" */ = {
			isa = XCRemoteSwiftPackageReference;
			repositoryURL = "https://github.com/hughbe/OfficeFileReader.git";
			requirement = {
				kind = upToNextMajorVersion;
				minimumVersion = 1.0.0;
			};
		};
/* End XCRemoteSwiftPackageReference section */

/* Begin XCSwiftPackageProductDependency section */
		A08F443A2B21C10F00953D98 /* OfficeFileReader */ = {
			isa = XCSwiftPackageProductDependency;
			package = A08F44392B21C10F00953D98 /* XCRemoteSwiftPackageReference "OfficeFileReader" */;
			productName = OfficeFileReader;
		};
/* End XCSwiftPackageProductDependency section */
	};
	rootObject = A0F6F1AD2B1F0A4900369D76 /* Project object */;
}
